{
  "name": "abapntlm",
  "version": "1.0.0",
  "lockfileVersion": 1,
  "requires": true,
  "dependencies": {
    "@abaplint/cli": {
      "version": "2.74.45",
      "resolved": "https://registry.npmjs.org/@abaplint/cli/-/cli-2.74.45.tgz",
      "integrity": "sha512-h+JAIjxkzdsctLiBZv/yuBqUMUBzGsBiSY5CguTcq/vK9xlKdpE0cjprcyF6GZ6qpa9XwBRhf5JH2kL7G8zN6g==",
      "dev": true
    },
    "@abaplint/runtime": {
      "version": "1.3.37",
      "resolved": "https://registry.npmjs.org/@abaplint/runtime/-/runtime-1.3.37.tgz",
      "integrity": "sha512-Nz0pN/2NL+pE2W5jVkXkW3+u0wS7exM/erM2ARMIxo+tbXOq5dKV0E/dADQ6fNzhWV144drVs0gv9wiY/YxuWQ==",
      "dev": true,
      "requires": {
        "node-fetch": "^3.0.0-beta.9",
        "sql.js": "^1.5.0"
      }
    },
    "@abaplint/transpiler-cli": {
      "version": "1.3.37",
      "resolved": "https://registry.npmjs.org/@abaplint/transpiler-cli/-/transpiler-cli-1.3.37.tgz",
      "integrity": "sha512-peiLCChtuCqjbOve6frUaaEuZufhwM7dzsmIUAoVS6hH6k6PCvVTE1KGPwiWk0Gcza+a3RNtEh4uUL4gaGwQmQ==",
      "dev": true
    },
    "data-uri-to-buffer": {
      "version": "3.0.1",
      "resolved": "https://registry.npmjs.org/data-uri-to-buffer/-/data-uri-to-buffer-3.0.1.tgz",
      "integrity": "sha512-WboRycPNsVw3B3TL559F7kuBUM4d8CgMEvk6xEJlOp7OBPjt6G7z8WMWlD2rOFZLk6OYfFIUGsCOWzcQH9K2og==",
      "dev": true
    },
    "fetch-blob": {
      "version": "2.1.2",
      "resolved": "https://registry.npmjs.org/fetch-blob/-/fetch-blob-2.1.2.tgz",
      "integrity": "sha512-YKqtUDwqLyfyMnmbw8XD6Q8j9i/HggKtPEI+pZ1+8bvheBu78biSmNaXWusx1TauGqtUUGx/cBb1mKdq2rLYow==",
      "dev": true
    },
    "node-fetch": {
      "version": "3.0.0-beta.9",
      "resolved": "https://registry.npmjs.org/node-fetch/-/node-fetch-3.0.0-beta.9.tgz",
      "integrity": "sha512-RdbZCEynH2tH46+tj0ua9caUHVWrd/RHnRfvly2EVdqGmI3ndS1Vn/xjm5KuGejDt2RNDQsVRLPNd2QPwcewVg==",
      "dev": true,
      "requires": {
        "data-uri-to-buffer": "^3.0.1",
        "fetch-blob": "^2.1.1"
      }
    },
    "sql.js": {
      "version": "1.5.0",
      "resolved": "https://registry.npmjs.org/sql.js/-/sql.js-1.5.0.tgz",
      "integrity": "sha512-Qqr6HgX/hCDpLFWdN0BNoNpYQ2c1tOl1c3HGI0cshjaFSAWszKICuLZ9CyFUvRFPpEGW8RzHzwuXWWvXVGTKBg==",
      "dev": true
    }
  }
}
