{
  "name": "abapntlm",
  "version": "1.0.0",
  "lockfileVersion": 1,
  "requires": true,
  "dependencies": {
    "@abaplint/cli": {
      "version": "2.74.45",
      "resolved": "https://registry.npmjs.org/@abaplint/cli/-/cli-2.74.45.tgz",
      "integrity": "sha512-h+JAIjxkzdsctLiBZv/yuBqUMUBzGsBiSY5CguTcq/vK9xlKdpE0cjprcyF6GZ6qpa9XwBRhf5JH2kL7G8zN6g==",
      "dev": true
    }
  }
}
